
Microsoft Visual Studio Solution File, Format Version 12.00
# Visual Studio 15
VisualStudioVersion = 15.0.26730.10
MinimumVisualStudioVersion = 10.0.40219.1
Project("{FAE04EC0-301F-11D3-BF4B-00C04F79EFBC}") = "OracleWebCenterExporter.ConsoleApp", "OracleWebCenterExporter.ConsoleApp\OracleWebCenterExporter.ConsoleApp.csproj", "{55F6DCB1-8C8D-4D59-8937-61C7BD3CC672}"
EndProject
Project("{FAE04EC0-301F-11D3-BF4B-00C04F79EFBC}") = "OracleWebCenterExporter", "OracleWebCenterExporter\OracleWebCenterExporter.csproj", "{081DBBF4-7796-4C1D-ABC4-428052280842}"
EndProject
Project("{FAE04EC0-301F-11D3-BF4B-00C04F79EFBC}") = "OracleWebCenterExporter.Tests", "OracleWebCenterExporter.Tests\OracleWebCenterExporter.Tests.csproj", "{27536C99-FCEB-41DB-AF7E-B84C092D7BF1}"
EndProject
Global
	GlobalSection(SolutionConfigurationPlatforms) = preSolution
		Debug|Any CPU = Debug|Any CPU
		Release|Any CPU = Release|Any CPU
	EndGlobalSection
	GlobalSection(ProjectConfigurationPlatforms) = postSolution
		{55F6DCB1-8C8D-4D59-8937-61C7BD3CC672}.Debug|Any CPU.ActiveCfg = Debug|Any CPU
		{55F6DCB1-8C8D-4D59-8937-61C7BD3CC672}.Debug|Any CPU.Build.0 = Debug|Any CPU
		{55F6DCB1-8C8D-4D59-8937-61C7BD3CC672}.Release|Any CPU.ActiveCfg = Release|Any CPU
		{55F6DCB1-8C8D-4D59-8937-61C7BD3CC672}.Release|Any CPU.Build.0 = Release|Any CPU
		{081DBBF4-7796-4C1D-ABC4-428052280842}.Debug|Any CPU.ActiveCfg = Debug|Any CPU
		{081DBBF4-7796-4C1D-ABC4-428052280842}.Debug|Any CPU.Build.0 = Debug|Any CPU
		{081DBBF4-7796-4C1D-ABC4-428052280842}.Release|Any CPU.ActiveCfg = Release|Any CPU
		{081DBBF4-7796-4C1D-ABC4-428052280842}.Release|Any CPU.Build.0 = Release|Any CPU
		{27536C99-FCEB-41DB-AF7E-B84C092D7BF1}.Debug|Any CPU.ActiveCfg = Debug|Any CPU
		{27536C99-FCEB-41DB-AF7E-B84C092D7BF1}.Debug|Any CPU.Build.0 = Debug|Any CPU
		{27536C99-FCEB-41DB-AF7E-B84C092D7BF1}.Release|Any CPU.ActiveCfg = Release|Any CPU
		{27536C99-FCEB-41DB-AF7E-B84C092D7BF1}.Release|Any CPU.Build.0 = Release|Any CPU
	EndGlobalSection
	GlobalSection(SolutionProperties) = preSolution
		HideSolutionNode = FALSE
	EndGlobalSection
	GlobalSection(ExtensibilityGlobals) = postSolution
		SolutionGuid = {61661428-76C6-48FA-AA7F-B3960664DB1E}
	EndGlobalSection
EndGlobal
